// !$*UTF8*$!
{
	archiveVersion = 1;
	classes = {
	};
	objectVersion = 50;
	objects = {

/* Begin PBXBuildFile section */
		200D708A209B01D900EF7CE1 /* TableViewController.swift in Sources */ = {isa = PBXBuildFile; fileRef = 200D7089209B01D900EF7CE1 /* TableViewController.swift */; };
		202FB07120A33EFE001CD7B5 /* HighMobilityManager.swift in Sources */ = {isa = PBXBuildFile; fileRef = 202FB07020A33EFE001CD7B5 /* HighMobilityManager.swift */; };
		203A4BF220AACDDA00E8B3D1 /* OAuthManager.swift in Sources */ = {isa = PBXBuildFile; fileRef = 203A4BF120AACDDA00E8B3D1 /* OAuthManager.swift */; };
		203A4BF520AAF2CB00E8B3D1 /* OAuthUpdatable.swift in Sources */ = {isa = PBXBuildFile; fileRef = 203A4BF420AAF2CB00E8B3D1 /* OAuthUpdatable.swift */; };
		203A4BF720AB028A00E8B3D1 /* URLRequest+Extensions.swift in Sources */ = {isa = PBXBuildFile; fileRef = 203A4BF620AB028A00E8B3D1 /* URLRequest+Extensions.swift */; };
		2044D1F220B7FEB000C4430B /* HexKeyboardView.swift in Sources */ = {isa = PBXBuildFile; fileRef = 2044D1F120B7FEB000C4430B /* HexKeyboardView.swift */; };
		2044D1F420B8007A00C4430B /* HexKeyboardButton.swift in Sources */ = {isa = PBXBuildFile; fileRef = 2044D1F320B8007A00C4430B /* HexKeyboardButton.swift */; };
		207718B72099EE8A00518AAD /* AppDelegate.swift in Sources */ = {isa = PBXBuildFile; fileRef = 207718B62099EE8A00518AAD /* AppDelegate.swift */; };
		207718B92099EE8A00518AAD /* ConnectViewController.swift in Sources */ = {isa = PBXBuildFile; fileRef = 207718B82099EE8A00518AAD /* ConnectViewController.swift */; };
		207718BC2099EE8A00518AAD /* Main.storyboard in Resources */ = {isa = PBXBuildFile; fileRef = 207718BA2099EE8A00518AAD /* Main.storyboard */; };
		207718BE2099EE8B00518AAD /* Assets.xcassets in Resources */ = {isa = PBXBuildFile; fileRef = 207718BD2099EE8B00518AAD /* Assets.xcassets */; };
		207718C12099EE8B00518AAD /* LaunchScreen.storyboard in Resources */ = {isa = PBXBuildFile; fileRef = 207718BF2099EE8B00518AAD /* LaunchScreen.storyboard */; };
		207DBAF2209C89C800134294 /* NavigationController.swift in Sources */ = {isa = PBXBuildFile; fileRef = 207DBAF1209C89C800134294 /* NavigationController.swift */; };
		207DBAF4209CA23A00134294 /* DeviceUpdatable.swift in Sources */ = {isa = PBXBuildFile; fileRef = 207DBAF3209CA23A00134294 /* DeviceUpdatable.swift */; };
		207DBAF9209CA79B00134294 /* UIViewController+Extensions.swift in Sources */ = {isa = PBXBuildFile; fileRef = 207DBAF8209CA79B00134294 /* UIViewController+Extensions.swift */; };
		2085DC06209AE14A009E28C3 /* ConnectionState.swift in Sources */ = {isa = PBXBuildFile; fileRef = 2085DC05209AE14A009E28C3 /* ConnectionState.swift */; };
		208B841920A17C550054726E /* CommandsViewController.swift in Sources */ = {isa = PBXBuildFile; fileRef = 208B841820A17C550054726E /* CommandsViewController.swift */; };
		2096A08A209CC7E100C25F08 /* DebugTree+Extensions.swift in Sources */ = {isa = PBXBuildFile; fileRef = 2096A089209CC7E100C25F08 /* DebugTree+Extensions.swift */; };
		20AB827520A1C4D500B5DE5C /* CommandsManager.swift in Sources */ = {isa = PBXBuildFile; fileRef = 20AB827420A1C4D500B5DE5C /* CommandsManager.swift */; };
		20AB827720A1D68100B5DE5C /* CommandInfo.swift in Sources */ = {isa = PBXBuildFile; fileRef = 20AB827620A1D68100B5DE5C /* CommandInfo.swift */; };
		20AB827920A1D6A000B5DE5C /* UITableViewCell+Extensions.swift in Sources */ = {isa = PBXBuildFile; fileRef = 20AB827820A1D6A000B5DE5C /* UITableViewCell+Extensions.swift */; };
		20B1479D2099F06F00895CCC /* HMUtilities.framework in Frameworks */ = {isa = PBXBuildFile; fileRef = 20B147982099F06D00895CCC /* HMUtilities.framework */; };
		20B1479E2099F06F00895CCC /* HMUtilities.framework in Embed Frameworks */ = {isa = PBXBuildFile; fileRef = 20B147982099F06D00895CCC /* HMUtilities.framework */; settings = {ATTRIBUTES = (CodeSignOnCopy, RemoveHeadersOnCopy, ); }; };
		20B1479F2099F06F00895CCC /* CommonCrypto.framework in Frameworks */ = {isa = PBXBuildFile; fileRef = 20B147992099F06D00895CCC /* CommonCrypto.framework */; };
		20B147A02099F06F00895CCC /* CommonCrypto.framework in Embed Frameworks */ = {isa = PBXBuildFile; fileRef = 20B147992099F06D00895CCC /* CommonCrypto.framework */; settings = {ATTRIBUTES = (CodeSignOnCopy, RemoveHeadersOnCopy, ); }; };
		20B147A12099F06F00895CCC /* HMCryptoKit.framework in Frameworks */ = {isa = PBXBuildFile; fileRef = 20B1479A2099F06E00895CCC /* HMCryptoKit.framework */; };
		20B147A22099F06F00895CCC /* HMCryptoKit.framework in Embed Frameworks */ = {isa = PBXBuildFile; fileRef = 20B1479A2099F06E00895CCC /* HMCryptoKit.framework */; settings = {ATTRIBUTES = (CodeSignOnCopy, RemoveHeadersOnCopy, ); }; };
		20B147A32099F06F00895CCC /* AutoAPI.framework in Frameworks */ = {isa = PBXBuildFile; fileRef = 20B1479B2099F06E00895CCC /* AutoAPI.framework */; };
		20B147A42099F06F00895CCC /* AutoAPI.framework in Embed Frameworks */ = {isa = PBXBuildFile; fileRef = 20B1479B2099F06E00895CCC /* AutoAPI.framework */; settings = {ATTRIBUTES = (CodeSignOnCopy, RemoveHeadersOnCopy, ); }; };
		20B147A52099F06F00895CCC /* HMKit.framework in Frameworks */ = {isa = PBXBuildFile; fileRef = 20B1479C2099F06F00895CCC /* HMKit.framework */; };
		20B147A62099F06F00895CCC /* HMKit.framework in Embed Frameworks */ = {isa = PBXBuildFile; fileRef = 20B1479C2099F06F00895CCC /* HMKit.framework */; settings = {ATTRIBUTES = (CodeSignOnCopy, RemoveHeadersOnCopy, ); }; };
		20B147AC2099F73000895CCC /* Result.swift in Sources */ = {isa = PBXBuildFile; fileRef = 20B147AB2099F73000895CCC /* Result.swift */; };
/* End PBXBuildFile section */

/* Begin PBXCopyFilesBuildPhase section */
		20B147A72099F06F00895CCC /* Embed Frameworks */ = {
			isa = PBXCopyFilesBuildPhase;
			buildActionMask = 2147483647;
			dstPath = "";
			dstSubfolderSpec = 10;
			files = (
				20B147A42099F06F00895CCC /* AutoAPI.framework in Embed Frameworks */,
				20B147A62099F06F00895CCC /* HMKit.framework in Embed Frameworks */,
				20B147A22099F06F00895CCC /* HMCryptoKit.framework in Embed Frameworks */,
				20B147A02099F06F00895CCC /* CommonCrypto.framework in Embed Frameworks */,
				20B1479E2099F06F00895CCC /* HMUtilities.framework in Embed Frameworks */,
			);
			name = "Embed Frameworks";
			runOnlyForDeploymentPostprocessing = 0;
		};
/* End PBXCopyFilesBuildPhase section */

/* Begin PBXFileReference section */
		200D7089209B01D900EF7CE1 /* TableViewController.swift */ = {isa = PBXFileReference; lastKnownFileType = sourcecode.swift; path = TableViewController.swift; sourceTree = "<group>"; };
		202FB07020A33EFE001CD7B5 /* HighMobilityManager.swift */ = {isa = PBXFileReference; lastKnownFileType = sourcecode.swift; path = HighMobilityManager.swift; sourceTree = "<group>"; };
		203500CB2126C8FD000B3DE2 /* Data Viewer.entitlements */ = {isa = PBXFileReference; lastKnownFileType = text.plist.entitlements; path = "Data Viewer.entitlements"; sourceTree = "<group>"; };
		203A4BF120AACDDA00E8B3D1 /* OAuthManager.swift */ = {isa = PBXFileReference; fileEncoding = 4; lastKnownFileType = sourcecode.swift; path = OAuthManager.swift; sourceTree = "<group>"; };
		203A4BF420AAF2CB00E8B3D1 /* OAuthUpdatable.swift */ = {isa = PBXFileReference; lastKnownFileType = sourcecode.swift; path = OAuthUpdatable.swift; sourceTree = "<group>"; };
		203A4BF620AB028A00E8B3D1 /* URLRequest+Extensions.swift */ = {isa = PBXFileReference; lastKnownFileType = sourcecode.swift; path = "URLRequest+Extensions.swift"; sourceTree = "<group>"; };
		2044D1F120B7FEB000C4430B /* HexKeyboardView.swift */ = {isa = PBXFileReference; lastKnownFileType = sourcecode.swift; path = HexKeyboardView.swift; sourceTree = "<group>"; };
		2044D1F320B8007A00C4430B /* HexKeyboardButton.swift */ = {isa = PBXFileReference; fileEncoding = 4; lastKnownFileType = sourcecode.swift; path = HexKeyboardButton.swift; sourceTree = "<group>"; };
		207718B32099EE8A00518AAD /* Data Viewer.app */ = {isa = PBXFileReference; explicitFileType = wrapper.application; includeInIndex = 0; path = "Data Viewer.app"; sourceTree = BUILT_PRODUCTS_DIR; };
		207718B62099EE8A00518AAD /* AppDelegate.swift */ = {isa = PBXFileReference; lastKnownFileType = sourcecode.swift; path = AppDelegate.swift; sourceTree = "<group>"; };
		207718B82099EE8A00518AAD /* ConnectViewController.swift */ = {isa = PBXFileReference; lastKnownFileType = sourcecode.swift; path = ConnectViewController.swift; sourceTree = "<group>"; };
		207718BB2099EE8A00518AAD /* Base */ = {isa = PBXFileReference; lastKnownFileType = file.storyboard; name = Base; path = Base.lproj/Main.storyboard; sourceTree = "<group>"; };
		207718BD2099EE8B00518AAD /* Assets.xcassets */ = {isa = PBXFileReference; lastKnownFileType = folder.assetcatalog; path = Assets.xcassets; sourceTree = "<group>"; };
		207718C02099EE8B00518AAD /* Base */ = {isa = PBXFileReference; lastKnownFileType = file.storyboard; name = Base; path = Base.lproj/LaunchScreen.storyboard; sourceTree = "<group>"; };
		207718C22099EE8B00518AAD /* Info.plist */ = {isa = PBXFileReference; lastKnownFileType = text.plist.xml; path = Info.plist; sourceTree = "<group>"; };
		207DBAF1209C89C800134294 /* NavigationController.swift */ = {isa = PBXFileReference; lastKnownFileType = sourcecode.swift; path = NavigationController.swift; sourceTree = "<group>"; };
		207DBAF3209CA23A00134294 /* DeviceUpdatable.swift */ = {isa = PBXFileReference; lastKnownFileType = sourcecode.swift; path = DeviceUpdatable.swift; sourceTree = "<group>"; };
		207DBAF8209CA79B00134294 /* UIViewController+Extensions.swift */ = {isa = PBXFileReference; lastKnownFileType = sourcecode.swift; path = "UIViewController+Extensions.swift"; sourceTree = "<group>"; };
		2085DC05209AE14A009E28C3 /* ConnectionState.swift */ = {isa = PBXFileReference; lastKnownFileType = sourcecode.swift; path = ConnectionState.swift; sourceTree = "<group>"; };
		208B841820A17C550054726E /* CommandsViewController.swift */ = {isa = PBXFileReference; lastKnownFileType = sourcecode.swift; path = CommandsViewController.swift; sourceTree = "<group>"; };
		2096A089209CC7E100C25F08 /* DebugTree+Extensions.swift */ = {isa = PBXFileReference; lastKnownFileType = sourcecode.swift; path = "DebugTree+Extensions.swift"; sourceTree = "<group>"; };
		20AB827420A1C4D500B5DE5C /* CommandsManager.swift */ = {isa = PBXFileReference; lastKnownFileType = sourcecode.swift; path = CommandsManager.swift; sourceTree = "<group>"; };
		20AB827620A1D68100B5DE5C /* CommandInfo.swift */ = {isa = PBXFileReference; lastKnownFileType = sourcecode.swift; path = CommandInfo.swift; sourceTree = "<group>"; };
		20AB827820A1D6A000B5DE5C /* UITableViewCell+Extensions.swift */ = {isa = PBXFileReference; lastKnownFileType = sourcecode.swift; path = "UITableViewCell+Extensions.swift"; sourceTree = "<group>"; };
		20B147982099F06D00895CCC /* HMUtilities.framework */ = {isa = PBXFileReference; lastKnownFileType = wrapper.framework; path = HMUtilities.framework; sourceTree = "<group>"; };
		20B147992099F06D00895CCC /* CommonCrypto.framework */ = {isa = PBXFileReference; lastKnownFileType = wrapper.framework; path = CommonCrypto.framework; sourceTree = "<group>"; };
		20B1479A2099F06E00895CCC /* HMCryptoKit.framework */ = {isa = PBXFileReference; lastKnownFileType = wrapper.framework; path = HMCryptoKit.framework; sourceTree = "<group>"; };
		20B1479B2099F06E00895CCC /* AutoAPI.framework */ = {isa = PBXFileReference; lastKnownFileType = wrapper.framework; path = AutoAPI.framework; sourceTree = "<group>"; };
		20B1479C2099F06F00895CCC /* HMKit.framework */ = {isa = PBXFileReference; lastKnownFileType = wrapper.framework; path = HMKit.framework; sourceTree = "<group>"; };
		20B147AB2099F73000895CCC /* Result.swift */ = {isa = PBXFileReference; lastKnownFileType = sourcecode.swift; path = Result.swift; sourceTree = "<group>"; };
/* End PBXFileReference section */

/* Begin PBXFrameworksBuildPhase section */
		207718B02099EE8A00518AAD /* Frameworks */ = {
			isa = PBXFrameworksBuildPhase;
			buildActionMask = 2147483647;
			files = (
				20B147A32099F06F00895CCC /* AutoAPI.framework in Frameworks */,
				20B147A52099F06F00895CCC /* HMKit.framework in Frameworks */,
				20B147A12099F06F00895CCC /* HMCryptoKit.framework in Frameworks */,
				20B1479F2099F06F00895CCC /* CommonCrypto.framework in Frameworks */,
				20B1479D2099F06F00895CCC /* HMUtilities.framework in Frameworks */,
			);
			runOnlyForDeploymentPostprocessing = 0;
		};
/* End PBXFrameworksBuildPhase section */

/* Begin PBXGroup section */
		202FB06D20A334E9001CD7B5 /* Protocols */ = {
			isa = PBXGroup;
			children = (
				207DBAF3209CA23A00134294 /* DeviceUpdatable.swift */,
				203A4BF420AAF2CB00E8B3D1 /* OAuthUpdatable.swift */,
			);
			path = Protocols;
			sourceTree = "<group>";
		};
		203A4BF320AACE5000E8B3D1 /* Managers */ = {
			isa = PBXGroup;
			children = (
				20AB827420A1C4D500B5DE5C /* CommandsManager.swift */,
				202FB07020A33EFE001CD7B5 /* HighMobilityManager.swift */,
				203A4BF120AACDDA00E8B3D1 /* OAuthManager.swift */,
			);
			path = Managers;
			sourceTree = "<group>";
		};
		2044D1F520B8008300C4430B /* Views */ = {
			isa = PBXGroup;
			children = (
				2044D1F320B8007A00C4430B /* HexKeyboardButton.swift */,
				2044D1F120B7FEB000C4430B /* HexKeyboardView.swift */,
			);
			path = Views;
			sourceTree = "<group>";
		};
		207718AA2099EE8900518AAD = {
			isa = PBXGroup;
			children = (
				20B1479B2099F06E00895CCC /* AutoAPI.framework */,
				20B147992099F06D00895CCC /* CommonCrypto.framework */,
				20B1479A2099F06E00895CCC /* HMCryptoKit.framework */,
				20B1479C2099F06F00895CCC /* HMKit.framework */,
				20B147982099F06D00895CCC /* HMUtilities.framework */,
				207718B52099EE8A00518AAD /* Data Viewer */,
				207718B42099EE8A00518AAD /* Products */,
			);
			sourceTree = "<group>";
		};
		207718B42099EE8A00518AAD /* Products */ = {
			isa = PBXGroup;
			children = (
				207718B32099EE8A00518AAD /* Data Viewer.app */,
			);
			name = Products;
			sourceTree = "<group>";
		};
		207718B52099EE8A00518AAD /* Data Viewer */ = {
			isa = PBXGroup;
			children = (
				203500CB2126C8FD000B3DE2 /* Data Viewer.entitlements */,
				207718C92099EE9F00518AAD /* Resources */,
				207718C82099EE9400518AAD /* Sources */,
			);
			path = "Data Viewer";
			sourceTree = "<group>";
		};
		207718C82099EE9400518AAD /* Sources */ = {
			isa = PBXGroup;
			children = (
				208B841720A17C370054726E /* Controllers */,
				2085DC07209AE153009E28C3 /* Enums */,
				207DBAF7209CA77D00134294 /* Extensions */,
				203A4BF320AACE5000E8B3D1 /* Managers */,
				202FB06D20A334E9001CD7B5 /* Protocols */,
				2044D1F520B8008300C4430B /* Views */,
				207718B62099EE8A00518AAD /* AppDelegate.swift */,
				20AB827620A1D68100B5DE5C /* CommandInfo.swift */,
			);
			path = Sources;
			sourceTree = "<group>";
		};
		207718C92099EE9F00518AAD /* Resources */ = {
			isa = PBXGroup;
			children = (
				207718BD2099EE8B00518AAD /* Assets.xcassets */,
				207718C22099EE8B00518AAD /* Info.plist */,
				207718BF2099EE8B00518AAD /* LaunchScreen.storyboard */,
				207718BA2099EE8A00518AAD /* Main.storyboard */,
			);
			path = Resources;
			sourceTree = "<group>";
		};
		207DBAF7209CA77D00134294 /* Extensions */ = {
			isa = PBXGroup;
			children = (
				2096A089209CC7E100C25F08 /* DebugTree+Extensions.swift */,
				20AB827820A1D6A000B5DE5C /* UITableViewCell+Extensions.swift */,
				207DBAF8209CA79B00134294 /* UIViewController+Extensions.swift */,
				203A4BF620AB028A00E8B3D1 /* URLRequest+Extensions.swift */,
			);
			path = Extensions;
			sourceTree = "<group>";
		};
		2085DC07209AE153009E28C3 /* Enums */ = {
			isa = PBXGroup;
			children = (
				2085DC05209AE14A009E28C3 /* ConnectionState.swift */,
				20B147AB2099F73000895CCC /* Result.swift */,
			);
			path = Enums;
			sourceTree = "<group>";
		};
		208B841720A17C370054726E /* Controllers */ = {
			isa = PBXGroup;
			children = (
				208B841820A17C550054726E /* CommandsViewController.swift */,
				207718B82099EE8A00518AAD /* ConnectViewController.swift */,
				207DBAF1209C89C800134294 /* NavigationController.swift */,
				200D7089209B01D900EF7CE1 /* TableViewController.swift */,
			);
			path = Controllers;
			sourceTree = "<group>";
		};
/* End PBXGroup section */

/* Begin PBXNativeTarget section */
		207718B22099EE8A00518AAD /* Data Viewer */ = {
			isa = PBXNativeTarget;
			buildConfigurationList = 207718C52099EE8B00518AAD /* Build configuration list for PBXNativeTarget "Data Viewer" */;
			buildPhases = (
				207718AF2099EE8A00518AAD /* Sources */,
				207718B02099EE8A00518AAD /* Frameworks */,
				207718B12099EE8A00518AAD /* Resources */,
				20B147A72099F06F00895CCC /* Embed Frameworks */,
			);
			buildRules = (
			);
			dependencies = (
			);
			name = "Data Viewer";
			productName = "Data Viewer";
			productReference = 207718B32099EE8A00518AAD /* Data Viewer.app */;
			productType = "com.apple.product-type.application";
		};
/* End PBXNativeTarget section */

/* Begin PBXProject section */
		207718AB2099EE8900518AAD /* Project object */ = {
			isa = PBXProject;
			attributes = {
				LastSwiftUpdateCheck = 0930;
				LastUpgradeCheck = 0930;
				ORGANIZATIONNAME = "High-Mobility OÜ";
				TargetAttributes = {
					207718B22099EE8A00518AAD = {
						CreatedOnToolsVersion = 9.3;
						SystemCapabilities = {
							com.apple.BackgroundModes = {
								enabled = 0;
							};
							com.apple.Multipath = {
								enabled = 0;
							};
						};
					};
				};
			};
			buildConfigurationList = 207718AE2099EE8900518AAD /* Build configuration list for PBXProject "Data Viewer" */;
			compatibilityVersion = "Xcode 9.3";
			developmentRegion = en;
			hasScannedForEncodings = 0;
			knownRegions = (
				en,
				Base,
			);
			mainGroup = 207718AA2099EE8900518AAD;
			productRefGroup = 207718B42099EE8A00518AAD /* Products */;
			projectDirPath = "";
			projectRoot = "";
			targets = (
				207718B22099EE8A00518AAD /* Data Viewer */,
			);
		};
/* End PBXProject section */

/* Begin PBXResourcesBuildPhase section */
		207718B12099EE8A00518AAD /* Resources */ = {
			isa = PBXResourcesBuildPhase;
			buildActionMask = 2147483647;
			files = (
				207718C12099EE8B00518AAD /* LaunchScreen.storyboard in Resources */,
				207718BE2099EE8B00518AAD /* Assets.xcassets in Resources */,
				207718BC2099EE8A00518AAD /* Main.storyboard in Resources */,
			);
			runOnlyForDeploymentPostprocessing = 0;
		};
/* End PBXResourcesBuildPhase section */

/* Begin PBXSourcesBuildPhase section */
		207718AF2099EE8A00518AAD /* Sources */ = {
			isa = PBXSourcesBuildPhase;
			buildActionMask = 2147483647;
			files = (
				207718B92099EE8A00518AAD /* ConnectViewController.swift in Sources */,
				2085DC06209AE14A009E28C3 /* ConnectionState.swift in Sources */,
				20AB827520A1C4D500B5DE5C /* CommandsManager.swift in Sources */,
				203A4BF220AACDDA00E8B3D1 /* OAuthManager.swift in Sources */,
				200D708A209B01D900EF7CE1 /* TableViewController.swift in Sources */,
				203A4BF520AAF2CB00E8B3D1 /* OAuthUpdatable.swift in Sources */,
				207DBAF4209CA23A00134294 /* DeviceUpdatable.swift in Sources */,
				203A4BF720AB028A00E8B3D1 /* URLRequest+Extensions.swift in Sources */,
				207DBAF2209C89C800134294 /* NavigationController.swift in Sources */,
				208B841920A17C550054726E /* CommandsViewController.swift in Sources */,
				2044D1F420B8007A00C4430B /* HexKeyboardButton.swift in Sources */,
				202FB07120A33EFE001CD7B5 /* HighMobilityManager.swift in Sources */,
				20AB827720A1D68100B5DE5C /* CommandInfo.swift in Sources */,
				2096A08A209CC7E100C25F08 /* DebugTree+Extensions.swift in Sources */,
				20AB827920A1D6A000B5DE5C /* UITableViewCell+Extensions.swift in Sources */,
				207DBAF9209CA79B00134294 /* UIViewController+Extensions.swift in Sources */,
				2044D1F220B7FEB000C4430B /* HexKeyboardView.swift in Sources */,
				20B147AC2099F73000895CCC /* Result.swift in Sources */,
				207718B72099EE8A00518AAD /* AppDelegate.swift in Sources */,
			);
			runOnlyForDeploymentPostprocessing = 0;
		};
/* End PBXSourcesBuildPhase section */

/* Begin PBXVariantGroup section */
		207718BA2099EE8A00518AAD /* Main.storyboard */ = {
			isa = PBXVariantGroup;
			children = (
				207718BB2099EE8A00518AAD /* Base */,
			);
			name = Main.storyboard;
			sourceTree = "<group>";
		};
		207718BF2099EE8B00518AAD /* LaunchScreen.storyboard */ = {
			isa = PBXVariantGroup;
			children = (
				207718C02099EE8B00518AAD /* Base */,
			);
			name = LaunchScreen.storyboard;
			sourceTree = "<group>";
		};
/* End PBXVariantGroup section */

/* Begin XCBuildConfiguration section */
		207718C32099EE8B00518AAD /* Debug */ = {
			isa = XCBuildConfiguration;
			buildSettings = {
				ALWAYS_SEARCH_USER_PATHS = NO;
				CLANG_ANALYZER_NONNULL = YES;
				CLANG_ANALYZER_NUMBER_OBJECT_CONVERSION = YES_AGGRESSIVE;
				CLANG_CXX_LANGUAGE_STANDARD = "gnu++14";
				CLANG_CXX_LIBRARY = "libc++";
				CLANG_ENABLE_MODULES = YES;
				CLANG_ENABLE_OBJC_ARC = YES;
				CLANG_ENABLE_OBJC_WEAK = YES;
				CLANG_WARN_BLOCK_CAPTURE_AUTORELEASING = YES;
				CLANG_WARN_BOOL_CONVERSION = YES;
				CLANG_WARN_COMMA = YES;
				CLANG_WARN_CONSTANT_CONVERSION = YES;
				CLANG_WARN_DEPRECATED_OBJC_IMPLEMENTATIONS = YES;
				CLANG_WARN_DIRECT_OBJC_ISA_USAGE = YES_ERROR;
				CLANG_WARN_DOCUMENTATION_COMMENTS = YES;
				CLANG_WARN_EMPTY_BODY = YES;
				CLANG_WARN_ENUM_CONVERSION = YES;
				CLANG_WARN_INFINITE_RECURSION = YES;
				CLANG_WARN_INT_CONVERSION = YES;
				CLANG_WARN_NON_LITERAL_NULL_CONVERSION = YES;
				CLANG_WARN_OBJC_IMPLICIT_RETAIN_SELF = YES;
				CLANG_WARN_OBJC_LITERAL_CONVERSION = YES;
				CLANG_WARN_OBJC_ROOT_CLASS = YES_ERROR;
				CLANG_WARN_RANGE_LOOP_ANALYSIS = YES;
				CLANG_WARN_STRICT_PROTOTYPES = YES;
				CLANG_WARN_SUSPICIOUS_MOVE = YES;
				CLANG_WARN_UNGUARDED_AVAILABILITY = YES_AGGRESSIVE;
				CLANG_WARN_UNREACHABLE_CODE = YES;
				CLANG_WARN__DUPLICATE_METHOD_MATCH = YES;
				CODE_SIGN_IDENTITY = "iPhone Developer";
				COPY_PHASE_STRIP = NO;
				DEBUG_INFORMATION_FORMAT = dwarf;
				ENABLE_STRICT_OBJC_MSGSEND = YES;
				ENABLE_TESTABILITY = YES;
				GCC_C_LANGUAGE_STANDARD = gnu11;
				GCC_DYNAMIC_NO_PIC = NO;
				GCC_NO_COMMON_BLOCKS = YES;
				GCC_OPTIMIZATION_LEVEL = 0;
				GCC_PREPROCESSOR_DEFINITIONS = (
					"DEBUG=1",
					"$(inherited)",
				);
				GCC_WARN_64_TO_32_BIT_CONVERSION = YES;
				GCC_WARN_ABOUT_RETURN_TYPE = YES_ERROR;
				GCC_WARN_UNDECLARED_SELECTOR = YES;
				GCC_WARN_UNINITIALIZED_AUTOS = YES_AGGRESSIVE;
				GCC_WARN_UNUSED_FUNCTION = YES;
				GCC_WARN_UNUSED_VARIABLE = YES;
				IPHONEOS_DEPLOYMENT_TARGET = 11.3;
				MTL_ENABLE_DEBUG_INFO = YES;
				ONLY_ACTIVE_ARCH = YES;
				SDKROOT = iphoneos;
				SWIFT_ACTIVE_COMPILATION_CONDITIONS = DEBUG;
				SWIFT_OPTIMIZATION_LEVEL = "-Onone";
			};
			name = Debug;
		};
		207718C42099EE8B00518AAD /* Release */ = {
			isa = XCBuildConfiguration;
			buildSettings = {
				ALWAYS_SEARCH_USER_PATHS = NO;
				CLANG_ANALYZER_NONNULL = YES;
				CLANG_ANALYZER_NUMBER_OBJECT_CONVERSION = YES_AGGRESSIVE;
				CLANG_CXX_LANGUAGE_STANDARD = "gnu++14";
				CLANG_CXX_LIBRARY = "libc++";
				CLANG_ENABLE_MODULES = YES;
				CLANG_ENABLE_OBJC_ARC = YES;
				CLANG_ENABLE_OBJC_WEAK = YES;
				CLANG_WARN_BLOCK_CAPTURE_AUTORELEASING = YES;
				CLANG_WARN_BOOL_CONVERSION = YES;
				CLANG_WARN_COMMA = YES;
				CLANG_WARN_CONSTANT_CONVERSION = YES;
				CLANG_WARN_DEPRECATED_OBJC_IMPLEMENTATIONS = YES;
				CLANG_WARN_DIRECT_OBJC_ISA_USAGE = YES_ERROR;
				CLANG_WARN_DOCUMENTATION_COMMENTS = YES;
				CLANG_WARN_EMPTY_BODY = YES;
				CLANG_WARN_ENUM_CONVERSION = YES;
				CLANG_WARN_INFINITE_RECURSION = YES;
				CLANG_WARN_INT_CONVERSION = YES;
				CLANG_WARN_NON_LITERAL_NULL_CONVERSION = YES;
				CLANG_WARN_OBJC_IMPLICIT_RETAIN_SELF = YES;
				CLANG_WARN_OBJC_LITERAL_CONVERSION = YES;
				CLANG_WARN_OBJC_ROOT_CLASS = YES_ERROR;
				CLANG_WARN_RANGE_LOOP_ANALYSIS = YES;
				CLANG_WARN_STRICT_PROTOTYPES = YES;
				CLANG_WARN_SUSPICIOUS_MOVE = YES;
				CLANG_WARN_UNGUARDED_AVAILABILITY = YES_AGGRESSIVE;
				CLANG_WARN_UNREACHABLE_CODE = YES;
				CLANG_WARN__DUPLICATE_METHOD_MATCH = YES;
				CODE_SIGN_IDENTITY = "iPhone Developer";
				COPY_PHASE_STRIP = NO;
				DEBUG_INFORMATION_FORMAT = "dwarf-with-dsym";
				ENABLE_NS_ASSERTIONS = NO;
				ENABLE_STRICT_OBJC_MSGSEND = YES;
				GCC_C_LANGUAGE_STANDARD = gnu11;
				GCC_NO_COMMON_BLOCKS = YES;
				GCC_WARN_64_TO_32_BIT_CONVERSION = YES;
				GCC_WARN_ABOUT_RETURN_TYPE = YES_ERROR;
				GCC_WARN_UNDECLARED_SELECTOR = YES;
				GCC_WARN_UNINITIALIZED_AUTOS = YES_AGGRESSIVE;
				GCC_WARN_UNUSED_FUNCTION = YES;
				GCC_WARN_UNUSED_VARIABLE = YES;
				IPHONEOS_DEPLOYMENT_TARGET = 11.3;
				MTL_ENABLE_DEBUG_INFO = NO;
				SDKROOT = iphoneos;
				SWIFT_COMPILATION_MODE = wholemodule;
				SWIFT_OPTIMIZATION_LEVEL = "-O";
				VALIDATE_PRODUCT = YES;
			};
			name = Release;
		};
		207718C62099EE8B00518AAD /* Debug */ = {
			isa = XCBuildConfiguration;
			buildSettings = {
				ACTIVE_CONFIGURATION = DEBUG;
				ASSETCATALOG_COMPILER_APPICON_NAME = AppIcon;
				CODE_SIGN_STYLE = Automatic;
				DEVELOPMENT_TEAM = F42CFRE556;
				FRAMEWORK_SEARCH_PATHS = (
					"$(inherited)",
					"$(PROJECT_DIR)",
				);
				INFOPLIST_FILE = "$(SRCROOT)/Data Viewer/Resources/Info.plist";
				LD_RUNPATH_SEARCH_PATHS = (
					"$(inherited)",
					"@executable_path/Frameworks",
				);
				PRODUCT_BUNDLE_IDENTIFIER = "com.hm.data-viewer";
				PRODUCT_NAME = "$(TARGET_NAME)";
				SWIFT_VERSION = 4.0;
				TARGETED_DEVICE_FAMILY = "1,2";
			};
			name = Debug;
		};
		207718C72099EE8B00518AAD /* Release */ = {
			isa = XCBuildConfiguration;
			buildSettings = {
				ACTIVE_CONFIGURATION = RELEASE;
				ASSETCATALOG_COMPILER_APPICON_NAME = AppIcon;
				CODE_SIGN_STYLE = Automatic;
				DEVELOPMENT_TEAM = F42CFRE556;
				FRAMEWORK_SEARCH_PATHS = (
					"$(inherited)",
					"$(PROJECT_DIR)",
				);
				INFOPLIST_FILE = "$(SRCROOT)/Data Viewer/Resources/Info.plist";
				LD_RUNPATH_SEARCH_PATHS = (
					"$(inherited)",
					"@executable_path/Frameworks",
				);
				PRODUCT_BUNDLE_IDENTIFIER = "com.hm.data-viewer";
				PRODUCT_NAME = "$(TARGET_NAME)";
				SWIFT_VERSION = 4.0;
				TARGETED_DEVICE_FAMILY = "1,2";
			};
			name = Release;
		};
/* End XCBuildConfiguration section */

/* Begin XCConfigurationList section */
		207718AE2099EE8900518AAD /* Build configuration list for PBXProject "Data Viewer" */ = {
			isa = XCConfigurationList;
			buildConfigurations = (
				207718C32099EE8B00518AAD /* Debug */,
				207718C42099EE8B00518AAD /* Release */,
			);
			defaultConfigurationIsVisible = 0;
			defaultConfigurationName = Release;
		};
		207718C52099EE8B00518AAD /* Build configuration list for PBXNativeTarget "Data Viewer" */ = {
			isa = XCConfigurationList;
			buildConfigurations = (
				207718C62099EE8B00518AAD /* Debug */,
				207718C72099EE8B00518AAD /* Release */,
			);
			defaultConfigurationIsVisible = 0;
			defaultConfigurationName = Release;
		};
/* End XCConfigurationList section */
	};
	rootObject = 207718AB2099EE8900518AAD /* Project object */;
}
